# @generated - this file is auto-generated by `mise lock` https://mise.en.dev/dev-tools/mise-lock.html

[[tools."github:home-operations/flate"]]
version = "0.2.3"
backend = "github:home-operations/flate"

[tools."github:home-operations/flate"."platforms.linux-arm64"]
checksum = "sha256:92a1ce809ebe790aeb8f1a6128140db4103f30dea14fa03981e50b6cc2734a52"
url = "https://github.com/home-operations/flate/releases/download/0.2.3/flate_0.2.3_linux_arm64.tar.gz"
url_api = "https://api.github.com/repos/home-operations/flate/releases/assets/436492553"

[tools."github:home-operations/flate"."platforms.linux-arm64-musl"]
checksum = "sha256:92a1ce809ebe790aeb8f1a6128140db4103f30dea14fa03981e50b6cc2734a52"
url = "https://github.com/home-operations/flate/releases/download/0.2.3/flate_0.2.3_linux_arm64.tar.gz"
url_api = "https://api.github.com/repos/home-operations/flate/releases/assets/436492553"

[tools."github:home-operations/flate"."platforms.linux-x64"]
checksum = "sha256:08e81a46c8c06fb6685d2144d6b6bba495b7425e17ba7dfd3c0b4c2b321dd427"
url = "https://github.com/home-operations/flate/releases/download/0.2.3/flate_0.2.3_linux_amd64.tar.gz"
url_api = "https://api.github.com/repos/home-operations/flate/releases/assets/436492551"

[tools."github:home-operations/flate"."platforms.linux-x64-musl"]
checksum = "sha256:08e81a46c8c06fb6685d2144d6b6bba495b7425e17ba7dfd3c0b4c2b321dd427"
url = "https://github.com/home-operations/flate/releases/download/0.2.3/flate_0.2.3_linux_amd64.tar.gz"
url_api = "https://api.github.com/repos/home-operations/flate/releases/assets/436492551"

[tools."github:home-operations/flate"."platforms.macos-arm64"]
checksum = "sha256:4ae672753a46c2b1917eb71515e7ed2cf6ac0dcf86661e69c9c7cc0b83eed079"
url = "https://github.com/home-operations/flate/releases/download/0.2.3/flate_0.2.3_darwin_arm64.tar.gz"
url_api = "https://api.github.com/repos/home-operations/flate/releases/assets/436492552"

[tools."github:home-operations/flate"."platforms.macos-x64"]
checksum = "sha256:f376eaaf61cf6afae8e6b11228a3bd63d4c9e71b5f108ee3831b65f5eddf3c1a"
url = "https://github.com/home-operations/flate/releases/download/0.2.3/flate_0.2.3_darwin_amd64.tar.gz"
url_api = "https://api.github.com/repos/home-operations/flate/releases/assets/436492586"

[tools."github:home-operations/flate"."platforms.windows-x64"]
checksum = "sha256:2ade36cb21697c2708efcadf94b84a0c78520a6db631e811df61097819b277af"
url = "https://github.com/home-operations/flate/releases/download/0.2.3/flate_0.2.3_windows_amd64.zip"
url_api = "https://api.github.com/repos/home-operations/flate/releases/assets/436492577"

[[tools."github:home-operations/yamlls"]]
version = "0.0.11"
backend = "github:home-operations/yamlls"

[tools."github:home-operations/yamlls"."platforms.linux-arm64"]
checksum = "sha256:db16846d8e6f13f19cc39df27ce8c293acf28e8ca6dd5eb9e56642b641204920"
url = "https://github.com/home-operations/yayamlls/releases/download/0.0.11/yayamlls_0.0.11_linux_arm64.tar.gz"
url_api = "https://api.github.com/repos/home-operations/yayamlls/releases/assets/435348589"

[tools."github:home-operations/yamlls"."platforms.linux-arm64-musl"]
checksum = "sha256:db16846d8e6f13f19cc39df27ce8c293acf28e8ca6dd5eb9e56642b641204920"
url = "https://github.com/home-operations/yayamlls/releases/download/0.0.11/yayamlls_0.0.11_linux_arm64.tar.gz"
url_api = "https://api.github.com/repos/home-operations/yayamlls/releases/assets/435348589"

[tools."github:home-operations/yamlls"."platforms.linux-x64"]
checksum = "sha256:db88321184c02206324ba99e8cf074560907cb724c27623e909abf403adad55b"
url = "https://github.com/home-operations/yayamlls/releases/download/0.0.11/yayamlls_0.0.11_linux_amd64.tar.gz"
url_api = "https://api.github.com/repos/home-operations/yayamlls/releases/assets/435348588"

[tools."github:home-operations/yamlls"."platforms.linux-x64-musl"]
checksum = "sha256:db88321184c02206324ba99e8cf074560907cb724c27623e909abf403adad55b"
url = "https://github.com/home-operations/yayamlls/releases/download/0.0.11/yayamlls_0.0.11_linux_amd64.tar.gz"
url_api = "https://api.github.com/repos/home-operations/yayamlls/releases/assets/435348588"

[tools."github:home-operations/yamlls"."platforms.macos-arm64"]
checksum = "sha256:5db5c25c1fe92b00c382496bba4c073ce3440d679c76b1644013dd68db20afaa"
url = "https://github.com/home-operations/yayamlls/releases/download/0.0.11/yayamlls_0.0.11_darwin_arm64.tar.gz"
url_api = "https://api.github.com/repos/home-operations/yayamlls/releases/assets/435348586"

[tools."github:home-operations/yamlls"."platforms.macos-x64"]
checksum = "sha256:b4a9683d21d642ccfd860e244f96fd519b646c8987280ee27a20b3b3d4475302"
url = "https://github.com/home-operations/yayamlls/releases/download/0.0.11/yayamlls_0.0.11_darwin_amd64.tar.gz"
url_api = "https://api.github.com/repos/home-operations/yayamlls/releases/assets/435348603"

[tools."github:home-operations/yamlls"."platforms.windows-x64"]
checksum = "sha256:b8f09184b8c2daf4cad48324c4214d56f4abad91879228229351f9ddf06e20aa"
url = "https://github.com/home-operations/yayamlls/releases/download/0.0.11/yayamlls_0.0.11_windows_amd64.zip"
url_api = "https://api.github.com/repos/home-operations/yayamlls/releases/assets/435348587"

[[tools."github:mitsuhiko/minijinja"]]
version = "2.20.0"
backend = "github:mitsuhiko/minijinja"

[tools."github:mitsuhiko/minijinja"."platforms.linux-arm64"]
checksum = "sha256:b65aa27b9c818e965af6dfd151a62f294720a2b28f0bba3344f99e146343d3b1"
url = "https://github.com/mitsuhiko/minijinja/releases/download/2.20.0/minijinja-cli-aarch64-unknown-linux-gnu.tar.xz"
url_api = "https://api.github.com/repos/mitsuhiko/minijinja/releases/assets/424647445"

[tools."github:mitsuhiko/minijinja"."platforms.linux-arm64-musl"]
checksum = "sha256:b379a731c49918487846ac7d12e735f2572764559e1a704affbb499d1e240e67"
url = "https://github.com/mitsuhiko/minijinja/releases/download/2.20.0/minijinja-cli-aarch64-unknown-linux-musl.tar.xz"
url_api = "https://api.github.com/repos/mitsuhiko/minijinja/releases/assets/424647448"

[tools."github:mitsuhiko/minijinja"."platforms.linux-x64"]
checksum = "sha256:60f229d37c106cd3818a1d21a3eb92cd38768da3b2f16ee6fd72927ee15625ff"
url = "https://github.com/mitsuhiko/minijinja/releases/download/2.20.0/minijinja-cli-x86_64-unknown-linux-gnu.tar.xz"
url_api = "https://api.github.com/repos/mitsuhiko/minijinja/releases/assets/424647605"

[tools."github:mitsuhiko/minijinja"."platforms.linux-x64-musl"]
checksum = "sha256:892a51270f82f63d37c1112cee260d4321da7898d974b9dc8f0c0fcba0a05c05"
url = "https://github.com/mitsuhiko/minijinja/releases/download/2.20.0/minijinja-cli-x86_64-unknown-linux-musl.tar.xz"
url_api = "https://api.github.com/repos/mitsuhiko/minijinja/releases/assets/424647608"

[tools."github:mitsuhiko/minijinja"."platforms.macos-arm64"]
checksum = "sha256:23a91850cdcb534bab497e138fddd320f079342340851a7faa4c245956cebb70"
url = "https://github.com/mitsuhiko/minijinja/releases/download/2.20.0/minijinja-cli-aarch64-apple-darwin.tar.xz"
url_api = "https://api.github.com/repos/mitsuhiko/minijinja/releases/assets/424647441"

[tools."github:mitsuhiko/minijinja"."platforms.macos-x64"]
checksum = "sha256:323f793dd92807921d049e4e752c7f15e2ef14f22e5a57c6fc803a46443425a5"
url = "https://github.com/mitsuhiko/minijinja/releases/download/2.20.0/minijinja-cli-x86_64-apple-darwin.tar.xz"
url_api = "https://api.github.com/repos/mitsuhiko/minijinja/releases/assets/424647597"

[tools."github:mitsuhiko/minijinja"."platforms.windows-x64"]
checksum = "sha256:58bcbae843e5b79cc502a0b49351c338d53273eb3c2df31659dffe4b35dfaf73"
url = "https://github.com/mitsuhiko/minijinja/releases/download/2.20.0/minijinja-cli-x86_64-pc-windows-msvc.zip"
url_api = "https://api.github.com/repos/mitsuhiko/minijinja/releases/assets/424647602"

[[tools."npm:oxfmt"]]
version = "0.53.0"
backend = "npm:oxfmt"

[[tools.oxfmt]]
version = "0.53.0"
backend = "npm:oxfmt"

[[tools.shellcheck]]
version = "0.11.0"
backend = "aqua:koalaman/shellcheck"

[tools.shellcheck."platforms.linux-arm64"]
checksum = "sha256:12b331c1d2db6b9eb13cfca64306b1b157a86eb69db83023e261eaa7e7c14588"
url = "https://github.com/koalaman/shellcheck/releases/download/v0.11.0/shellcheck-v0.11.0.linux.aarch64.tar.xz"

[tools.shellcheck."platforms.linux-arm64-musl"]
checksum = "sha256:12b331c1d2db6b9eb13cfca64306b1b157a86eb69db83023e261eaa7e7c14588"
url = "https://github.com/koalaman/shellcheck/releases/download/v0.11.0/shellcheck-v0.11.0.linux.aarch64.tar.xz"

[tools.shellcheck."platforms.linux-x64"]
checksum = "sha256:8c3be12b05d5c177a04c29e3c78ce89ac86f1595681cab149b65b97c4e227198"
url = "https://github.com/koalaman/shellcheck/releases/download/v0.11.0/shellcheck-v0.11.0.linux.x86_64.tar.xz"

[tools.shellcheck."platforms.linux-x64-musl"]
checksum = "sha256:8c3be12b05d5c177a04c29e3c78ce89ac86f1595681cab149b65b97c4e227198"
url = "https://github.com/koalaman/shellcheck/releases/download/v0.11.0/shellcheck-v0.11.0.linux.x86_64.tar.xz"

[tools.shellcheck."platforms.macos-arm64"]
checksum = "sha256:56affdd8de5527894dca6dc3d7e0a99a873b0f004d7aabc30ae407d3f48b0a79"
url = "https://github.com/koalaman/shellcheck/releases/download/v0.11.0/shellcheck-v0.11.0.darwin.aarch64.tar.xz"

[tools.shellcheck."platforms.macos-x64"]
checksum = "sha256:3c89db4edcab7cf1c27bff178882e0f6f27f7afdf54e859fa041fca10febe4c6"
url = "https://github.com/koalaman/shellcheck/releases/download/v0.11.0/shellcheck-v0.11.0.darwin.x86_64.tar.xz"

[tools.shellcheck."platforms.windows-x64"]
checksum = "sha256:8a4e35ab0b331c85d73567b12f2a444df187f483e5079ceffa6bda1faa2e740e"
url = "https://github.com/koalaman/shellcheck/releases/download/v0.11.0/shellcheck-v0.11.0.zip"

[[tools.zizmor]]
version = "1.25.2"
backend = "aqua:zizmorcore/zizmor"

[tools.zizmor."platforms.linux-arm64"]
checksum = "sha256:4b4b9491112c2a09b318101c0d3349b73af1c4f532e097dd6d0164f2abda760d"
url = "https://github.com/zizmorcore/zizmor/releases/download/v1.25.2/zizmor-aarch64-unknown-linux-gnu.tar.gz"
provenance = "github-attestations"

[tools.zizmor."platforms.linux-arm64-musl"]
provenance = "github-attestations"

[tools.zizmor."platforms.linux-x64"]
checksum = "sha256:aa1facd105f0d83fe5c55b1adcd9d7417de5d83aa27471f91dc0b66cf3803577"
url = "https://github.com/zizmorcore/zizmor/releases/download/v1.25.2/zizmor-x86_64-unknown-linux-gnu.tar.gz"
provenance = "github-attestations"

[tools.zizmor."platforms.linux-x64-musl"]
provenance = "github-attestations"

[tools.zizmor."platforms.macos-arm64"]
checksum = "sha256:624ef0e09521aecd862126be0f6d7754669af2646750d68ac48a114be33c3146"
url = "https://github.com/zizmorcore/zizmor/releases/download/v1.25.2/zizmor-aarch64-apple-darwin.tar.gz"
provenance = "github-attestations"

[tools.zizmor."platforms.macos-x64"]
checksum = "sha256:353271b9ec301dd4ba158af481323c831c6e9b494d5ac3f5aa58cf4b207699cc"
url = "https://github.com/zizmorcore/zizmor/releases/download/v1.25.2/zizmor-x86_64-apple-darwin.tar.gz"
provenance = "github-attestations"

[tools.zizmor."platforms.windows-x64"]
checksum = "sha256:65d46a8144f701200621b580f632076d80d082d60856de9f88793a95fb5882d7"
url = "https://github.com/zizmorcore/zizmor/releases/download/v1.25.2/zizmor-x86_64-pc-windows-msvc.zip"
provenance = "github-attestations"
