# @generated - this file is auto-generated by `mise lock` https://mise.en.dev/dev-tools/mise-lock.html

[[tools."github:mitsuhiko/minijinja"]]
version = "2.20.0"
backend = "github:mitsuhiko/minijinja"

[tools."github:mitsuhiko/minijinja"."platforms.linux-arm64"]
checksum = "sha256:b65aa27b9c818e965af6dfd151a62f294720a2b28f0bba3344f99e146343d3b1"
url = "https://github.com/mitsuhiko/minijinja/releases/download/2.20.0/minijinja-cli-aarch64-unknown-linux-gnu.tar.xz"
url_api = "https://api.github.com/repos/mitsuhiko/minijinja/releases/assets/424647445"

[tools."github:mitsuhiko/minijinja"."platforms.linux-arm64-musl"]
checksum = "sha256:b379a731c49918487846ac7d12e735f2572764559e1a704affbb499d1e240e67"
url = "https://github.com/mitsuhiko/minijinja/releases/download/2.20.0/minijinja-cli-aarch64-unknown-linux-musl.tar.xz"
url_api = "https://api.github.com/repos/mitsuhiko/minijinja/releases/assets/424647448"

[tools."github:mitsuhiko/minijinja"."platforms.linux-x64"]
checksum = "sha256:60f229d37c106cd3818a1d21a3eb92cd38768da3b2f16ee6fd72927ee15625ff"
url = "https://github.com/mitsuhiko/minijinja/releases/download/2.20.0/minijinja-cli-x86_64-unknown-linux-gnu.tar.xz"
url_api = "https://api.github.com/repos/mitsuhiko/minijinja/releases/assets/424647605"

[tools."github:mitsuhiko/minijinja"."platforms.linux-x64-musl"]
checksum = "sha256:892a51270f82f63d37c1112cee260d4321da7898d974b9dc8f0c0fcba0a05c05"
url = "https://github.com/mitsuhiko/minijinja/releases/download/2.20.0/minijinja-cli-x86_64-unknown-linux-musl.tar.xz"
url_api = "https://api.github.com/repos/mitsuhiko/minijinja/releases/assets/424647608"

[tools."github:mitsuhiko/minijinja"."platforms.macos-arm64"]
checksum = "sha256:23a91850cdcb534bab497e138fddd320f079342340851a7faa4c245956cebb70"
url = "https://github.com/mitsuhiko/minijinja/releases/download/2.20.0/minijinja-cli-aarch64-apple-darwin.tar.xz"
url_api = "https://api.github.com/repos/mitsuhiko/minijinja/releases/assets/424647441"

[tools."github:mitsuhiko/minijinja"."platforms.macos-x64"]
checksum = "sha256:323f793dd92807921d049e4e752c7f15e2ef14f22e5a57c6fc803a46443425a5"
url = "https://github.com/mitsuhiko/minijinja/releases/download/2.20.0/minijinja-cli-x86_64-apple-darwin.tar.xz"
url_api = "https://api.github.com/repos/mitsuhiko/minijinja/releases/assets/424647597"

[tools."github:mitsuhiko/minijinja"."platforms.windows-x64"]
checksum = "sha256:58bcbae843e5b79cc502a0b49351c338d53273eb3c2df31659dffe4b35dfaf73"
url = "https://github.com/mitsuhiko/minijinja/releases/download/2.20.0/minijinja-cli-x86_64-pc-windows-msvc.zip"
url_api = "https://api.github.com/repos/mitsuhiko/minijinja/releases/assets/424647602"
