# @generated - this file is auto-generated by `mise lock` https://mise.en.dev/dev-tools/mise-lock.html

[[tools."github:mitsuhiko/minijinja"]]
version = "2.19.0"
backend = "github:mitsuhiko/minijinja"

[tools."github:mitsuhiko/minijinja"."platforms.linux-arm64"]
checksum = "sha256:134bb873e291d220e1e67624610a667108a72c4b72ec65eb338e500bc510b4e8"
url = "https://github.com/mitsuhiko/minijinja/releases/download/2.19.0/minijinja-cli-aarch64-unknown-linux-gnu.tar.xz"
url_api = "https://api.github.com/repos/mitsuhiko/minijinja/releases/assets/386553289"

[tools."github:mitsuhiko/minijinja"."platforms.linux-arm64-musl"]
checksum = "sha256:1845c8f009bca6744b7466b531a57512c7cc1e8ceec33cf05ec0a3478c5d3cb0"
url = "https://github.com/mitsuhiko/minijinja/releases/download/2.19.0/minijinja-cli-aarch64-unknown-linux-musl.tar.xz"
url_api = "https://api.github.com/repos/mitsuhiko/minijinja/releases/assets/386553291"

[tools."github:mitsuhiko/minijinja"."platforms.linux-x64"]
checksum = "sha256:2b07e18b53c2ebf5574e68784b3e510478678621b7d1d6bafe49cdb721ed9961"
url = "https://github.com/mitsuhiko/minijinja/releases/download/2.19.0/minijinja-cli-x86_64-unknown-linux-gnu.tar.xz"
url_api = "https://api.github.com/repos/mitsuhiko/minijinja/releases/assets/386553332"

[tools."github:mitsuhiko/minijinja"."platforms.linux-x64-musl"]
checksum = "sha256:bac26222383901278bb5a103a8ddaf6d99c307afc43f15c9b749568f321a15d0"
url = "https://github.com/mitsuhiko/minijinja/releases/download/2.19.0/minijinja-cli-x86_64-unknown-linux-musl.tar.xz"
url_api = "https://api.github.com/repos/mitsuhiko/minijinja/releases/assets/386553333"

[tools."github:mitsuhiko/minijinja"."platforms.macos-arm64"]
checksum = "sha256:a9f8ae4268a1382a834b0fdc879590288354303b9217c9a24c971388385387e9"
url = "https://github.com/mitsuhiko/minijinja/releases/download/2.19.0/minijinja-cli-aarch64-apple-darwin.tar.xz"
url_api = "https://api.github.com/repos/mitsuhiko/minijinja/releases/assets/386553279"

[tools."github:mitsuhiko/minijinja"."platforms.macos-x64"]
checksum = "sha256:295d1360177604138de37855ed70c58b56e33611726db37681893b02b23ca2f3"
url = "https://github.com/mitsuhiko/minijinja/releases/download/2.19.0/minijinja-cli-x86_64-apple-darwin.tar.xz"
url_api = "https://api.github.com/repos/mitsuhiko/minijinja/releases/assets/386553324"

[tools."github:mitsuhiko/minijinja"."platforms.windows-x64"]
checksum = "sha256:08709233d20d73878a6c99d8de4523302fe45f28cc6e486c697dd75af4ba8503"
url = "https://github.com/mitsuhiko/minijinja/releases/download/2.19.0/minijinja-cli-x86_64-pc-windows-msvc.zip"
url_api = "https://api.github.com/repos/mitsuhiko/minijinja/releases/assets/386553326"
