# @generated - this file is auto-generated by `mise lock` https://mise.jdx.dev/dev-tools/mise-lock.html

lockfile_version = 2

[[tools."github:controlplaneio-fluxcd/flux-operator"]]
version = "0.60.0"
backend = "github:controlplaneio-fluxcd/flux-operator"
specifiers = [
    "0.60.0",
    "latest",
]

[tools."github:controlplaneio-fluxcd/flux-operator"."platforms.linux-arm64"]
checksum = "sha256:5452ad9c3287607849c4f67869389aeac101cb2eb67fdb9243bfff06713612cb"
url = "https://github.com/controlplaneio-fluxcd/flux-operator/releases/download/v0.60.0/flux-operator_0.60.0_linux_arm64.tar.gz"
url_api = "https://api.github.com/repos/controlplaneio-fluxcd/flux-operator/releases/assets/557336832"
provenance = "github-attestations"

[tools."github:controlplaneio-fluxcd/flux-operator"."platforms.linux-arm64-musl"]
checksum = "sha256:5452ad9c3287607849c4f67869389aeac101cb2eb67fdb9243bfff06713612cb"
url = "https://github.com/controlplaneio-fluxcd/flux-operator/releases/download/v0.60.0/flux-operator_0.60.0_linux_arm64.tar.gz"
url_api = "https://api.github.com/repos/controlplaneio-fluxcd/flux-operator/releases/assets/557336832"
provenance = "github-attestations"

[tools."github:controlplaneio-fluxcd/flux-operator"."platforms.linux-x64"]
checksum = "sha256:dd7d504bf02117fc8625ef7e71fe757473a9d69cc1d6369586d0e3ae19e40e01"
url = "https://github.com/controlplaneio-fluxcd/flux-operator/releases/download/v0.60.0/flux-operator_0.60.0_linux_amd64.tar.gz"
url_api = "https://api.github.com/repos/controlplaneio-fluxcd/flux-operator/releases/assets/557336826"
provenance = "github-attestations"

[tools."github:controlplaneio-fluxcd/flux-operator"."platforms.linux-x64-musl"]
checksum = "sha256:dd7d504bf02117fc8625ef7e71fe757473a9d69cc1d6369586d0e3ae19e40e01"
url = "https://github.com/controlplaneio-fluxcd/flux-operator/releases/download/v0.60.0/flux-operator_0.60.0_linux_amd64.tar.gz"
url_api = "https://api.github.com/repos/controlplaneio-fluxcd/flux-operator/releases/assets/557336826"
provenance = "github-attestations"

[tools."github:controlplaneio-fluxcd/flux-operator"."platforms.macos-arm64"]
checksum = "sha256:9a40772ed9fa12263fb172d963a4da388811f295c45689861f670d25ce0bb3f0"
url = "https://github.com/controlplaneio-fluxcd/flux-operator/releases/download/v0.60.0/flux-operator_0.60.0_darwin_arm64.tar.gz"
url_api = "https://api.github.com/repos/controlplaneio-fluxcd/flux-operator/releases/assets/557336834"
provenance = "github-attestations"

[tools."github:controlplaneio-fluxcd/flux-operator"."platforms.macos-x64"]
checksum = "sha256:a34607c60c0d38ba6dd9004c13209b578b25dc80a266285726751fc39aeb74b4"
url = "https://github.com/controlplaneio-fluxcd/flux-operator/releases/download/v0.60.0/flux-operator_0.60.0_darwin_amd64.tar.gz"
url_api = "https://api.github.com/repos/controlplaneio-fluxcd/flux-operator/releases/assets/557336825"
provenance = "github-attestations"

[tools."github:controlplaneio-fluxcd/flux-operator"."platforms.windows-x64"]
checksum = "sha256:7a48e7affaed049c367563bb61a09ea117588a5e1b669ea2067338c9ea2a3373"
url = "https://github.com/controlplaneio-fluxcd/flux-operator/releases/download/v0.60.0/flux-operator_0.60.0_windows_amd64.zip"
url_api = "https://api.github.com/repos/controlplaneio-fluxcd/flux-operator/releases/assets/557336943"
provenance = "github-attestations"

[[tools."github:home-operations/flate"]]
version = "0.6.5"
backend = "github:home-operations/flate"
specifiers = [
    "0.6.5",
    "latest",
]

[tools."github:home-operations/flate"."platforms.linux-arm64"]
checksum = "sha256:7f514814890df4a095887943ae606be1a8af878606b7bd0575efe75402cd38dc"
url = "https://github.com/home-operations/flate/releases/download/v0.6.5/flate_0.6.5_linux_arm64.tar.gz"
url_api = "https://api.github.com/repos/home-operations/flate/releases/assets/541337295"

[tools."github:home-operations/flate"."platforms.linux-arm64-musl"]
checksum = "sha256:7f514814890df4a095887943ae606be1a8af878606b7bd0575efe75402cd38dc"
url = "https://github.com/home-operations/flate/releases/download/v0.6.5/flate_0.6.5_linux_arm64.tar.gz"
url_api = "https://api.github.com/repos/home-operations/flate/releases/assets/541337295"

[tools."github:home-operations/flate"."platforms.linux-x64"]
checksum = "sha256:37eb0cd91a6752340754375743aa616c263cd8367ce594abd42ee955e1ec0099"
url = "https://github.com/home-operations/flate/releases/download/v0.6.5/flate_0.6.5_linux_amd64.tar.gz"
url_api = "https://api.github.com/repos/home-operations/flate/releases/assets/541337294"

[tools."github:home-operations/flate"."platforms.linux-x64-musl"]
checksum = "sha256:37eb0cd91a6752340754375743aa616c263cd8367ce594abd42ee955e1ec0099"
url = "https://github.com/home-operations/flate/releases/download/v0.6.5/flate_0.6.5_linux_amd64.tar.gz"
url_api = "https://api.github.com/repos/home-operations/flate/releases/assets/541337294"

[tools."github:home-operations/flate"."platforms.macos-arm64"]
checksum = "sha256:76274be5ef8b016e80ea0abf7b6f612adc76a89f7613d2e7f7e3550af5b9e186"
url = "https://github.com/home-operations/flate/releases/download/v0.6.5/flate_0.6.5_darwin_arm64.tar.gz"
url_api = "https://api.github.com/repos/home-operations/flate/releases/assets/541337298"

[tools."github:home-operations/flate"."platforms.macos-x64"]
checksum = "sha256:4b1dcefb4613b4c02f3374c8fc8d4082d42d893f4303daa16e24e37d58bccb78"
url = "https://github.com/home-operations/flate/releases/download/v0.6.5/flate_0.6.5_darwin_amd64.tar.gz"
url_api = "https://api.github.com/repos/home-operations/flate/releases/assets/541337300"

[tools."github:home-operations/flate"."platforms.windows-x64"]
checksum = "sha256:3fd13fa65907312ee77ebf96bb76554558cd8f63ab65c3026b643be2e7003118"
url = "https://github.com/home-operations/flate/releases/download/v0.6.5/flate_0.6.5_windows_amd64.zip"
url_api = "https://api.github.com/repos/home-operations/flate/releases/assets/541337344"

[[tools."github:home-operations/kopiur"]]
version = "0.10.12"
backend = "github:home-operations/kopiur"
specifiers = ["0.10.12"]

[tools."github:home-operations/kopiur"."platforms.linux-arm64"]
checksum = "sha256:e9533e0f687bd6d9625cdf2bf94fbe3c5b24f9c684c26c6f1a060a06443ee1af"
url = "https://github.com/home-operations/kopiur/releases/download/0.10.12/kubectl-kopiur_0.10.12_linux_arm64.tar.gz"
url_api = "https://api.github.com/repos/home-operations/kopiur/releases/assets/606273593"

[tools."github:home-operations/kopiur"."platforms.linux-arm64-musl"]
checksum = "sha256:e9533e0f687bd6d9625cdf2bf94fbe3c5b24f9c684c26c6f1a060a06443ee1af"
url = "https://github.com/home-operations/kopiur/releases/download/0.10.12/kubectl-kopiur_0.10.12_linux_arm64.tar.gz"
url_api = "https://api.github.com/repos/home-operations/kopiur/releases/assets/606273593"

[tools."github:home-operations/kopiur"."platforms.linux-x64"]
checksum = "sha256:fdebdbf062f15305f0544e6408044202cf69c9fa3c94a1dfc90c917608dd1f53"
url = "https://github.com/home-operations/kopiur/releases/download/0.10.12/kubectl-kopiur_0.10.12_linux_amd64.tar.gz"
url_api = "https://api.github.com/repos/home-operations/kopiur/releases/assets/606273592"

[tools."github:home-operations/kopiur"."platforms.linux-x64-musl"]
checksum = "sha256:fdebdbf062f15305f0544e6408044202cf69c9fa3c94a1dfc90c917608dd1f53"
url = "https://github.com/home-operations/kopiur/releases/download/0.10.12/kubectl-kopiur_0.10.12_linux_amd64.tar.gz"
url_api = "https://api.github.com/repos/home-operations/kopiur/releases/assets/606273592"

[tools."github:home-operations/kopiur"."platforms.macos-arm64"]
checksum = "sha256:c668e0d2ef386da363b576abc435683a284c557bb4e833707c7363351ec73ee2"
url = "https://github.com/home-operations/kopiur/releases/download/0.10.12/kubectl-kopiur_0.10.12_darwin_arm64.tar.gz"
url_api = "https://api.github.com/repos/home-operations/kopiur/releases/assets/606273591"

[tools."github:home-operations/kopiur"."platforms.macos-x64"]
checksum = "sha256:85dfb31943f348e5d272be8746f96ded514de30d73a660520dd9133b58df5894"
url = "https://github.com/home-operations/kopiur/releases/download/0.10.12/kubectl-kopiur_0.10.12_darwin_amd64.tar.gz"
url_api = "https://api.github.com/repos/home-operations/kopiur/releases/assets/606273598"

[[tools."github:home-operations/yayamlls"]]
version = "0.3.2"
backend = "github:home-operations/yayamlls"
specifiers = [
    "0.3.1",
    "0.3.2",
]

[tools."github:home-operations/yayamlls"."platforms.linux-arm64"]
checksum = "sha256:fc1399b8af2dc5fb11bb5b2c4c8ba35499766f3e5f2a5756d267d5ed77bb12fb"
url = "https://github.com/home-operations/yayamlls/releases/download/0.3.2/yayamlls_0.3.2_linux_arm64.tar.gz"
url_api = "https://api.github.com/repos/home-operations/yayamlls/releases/assets/593933784"

[tools."github:home-operations/yayamlls"."platforms.linux-arm64-musl"]
checksum = "sha256:fc1399b8af2dc5fb11bb5b2c4c8ba35499766f3e5f2a5756d267d5ed77bb12fb"
url = "https://github.com/home-operations/yayamlls/releases/download/0.3.2/yayamlls_0.3.2_linux_arm64.tar.gz"
url_api = "https://api.github.com/repos/home-operations/yayamlls/releases/assets/593933784"

[tools."github:home-operations/yayamlls"."platforms.linux-x64"]
checksum = "sha256:f6dfd7aa573e46a37a0595ff9139eab8f76eae9af179617a4fcb5d707ecb4fe3"
url = "https://github.com/home-operations/yayamlls/releases/download/0.3.2/yayamlls_0.3.2_linux_amd64.tar.gz"
url_api = "https://api.github.com/repos/home-operations/yayamlls/releases/assets/593933781"

[tools."github:home-operations/yayamlls"."platforms.linux-x64-musl"]
checksum = "sha256:f6dfd7aa573e46a37a0595ff9139eab8f76eae9af179617a4fcb5d707ecb4fe3"
url = "https://github.com/home-operations/yayamlls/releases/download/0.3.2/yayamlls_0.3.2_linux_amd64.tar.gz"
url_api = "https://api.github.com/repos/home-operations/yayamlls/releases/assets/593933781"

[tools."github:home-operations/yayamlls"."platforms.macos-arm64"]
checksum = "sha256:a13a9266bc084b3dd6248691e70b9fc6bf3c04ebdac0219a32c8ff6dcbdde331"
url = "https://github.com/home-operations/yayamlls/releases/download/0.3.2/yayamlls_0.3.2_darwin_arm64.tar.gz"
url_api = "https://api.github.com/repos/home-operations/yayamlls/releases/assets/593933783"

[tools."github:home-operations/yayamlls"."platforms.macos-x64"]
checksum = "sha256:2532b3a6dc689a1594b93092a83946616504edc8685dd20e78151eb5e2c5153e"
url = "https://github.com/home-operations/yayamlls/releases/download/0.3.2/yayamlls_0.3.2_darwin_amd64.tar.gz"
url_api = "https://api.github.com/repos/home-operations/yayamlls/releases/assets/593933785"

[tools."github:home-operations/yayamlls"."platforms.windows-x64"]
checksum = "sha256:1a0bc8c08f953c31c5a898c9a8f24a50ecebd94a1211798eae80f6b7e6a73ba6"
url = "https://github.com/home-operations/yayamlls/releases/download/0.3.2/yayamlls_0.3.2_windows_amd64.zip"
url_api = "https://api.github.com/repos/home-operations/yayamlls/releases/assets/593933847"

[[tools."github:mitsuhiko/minijinja"]]
version = "2.24.0"
backend = "github:mitsuhiko/minijinja"
specifiers = [
    "2.24.0",
    "latest",
]

[tools."github:mitsuhiko/minijinja"."platforms.linux-arm64"]
checksum = "sha256:b60f741e4101c0701a22a1115b2295fd8e4ae13cdffc0ebf4d1821d876e93347"
url = "https://github.com/mitsuhiko/minijinja/releases/download/2.24.0/minijinja-cli-aarch64-unknown-linux-gnu.tar.xz"
url_api = "https://api.github.com/repos/mitsuhiko/minijinja/releases/assets/511868827"

[tools."github:mitsuhiko/minijinja"."platforms.linux-arm64-musl"]
checksum = "sha256:5fd4d0ca9a37973564a9ba3d4444466dbca46c4737840b772ba64729cac4277b"
url = "https://github.com/mitsuhiko/minijinja/releases/download/2.24.0/minijinja-cli-aarch64-unknown-linux-musl.tar.xz"
url_api = "https://api.github.com/repos/mitsuhiko/minijinja/releases/assets/511868829"

[tools."github:mitsuhiko/minijinja"."platforms.linux-x64"]
checksum = "sha256:04651ea786eee8e6d5311caf96e01874d984ff72f3d3d91c2195851f0b414580"
url = "https://github.com/mitsuhiko/minijinja/releases/download/2.24.0/minijinja-cli-x86_64-unknown-linux-gnu.tar.xz"
url_api = "https://api.github.com/repos/mitsuhiko/minijinja/releases/assets/511868860"

[tools."github:mitsuhiko/minijinja"."platforms.linux-x64-musl"]
checksum = "sha256:40a7b36eb04075d54f0e079cbf632d2fcf9cc32721539f6b799341632d16f50e"
url = "https://github.com/mitsuhiko/minijinja/releases/download/2.24.0/minijinja-cli-x86_64-unknown-linux-musl.tar.xz"
url_api = "https://api.github.com/repos/mitsuhiko/minijinja/releases/assets/511868866"

[tools."github:mitsuhiko/minijinja"."platforms.macos-arm64"]
checksum = "sha256:a0f1525bcac485a80313cec7e835ed03335bd55bc14dc5cf070c7eb9789d9905"
url = "https://github.com/mitsuhiko/minijinja/releases/download/2.24.0/minijinja-cli-aarch64-apple-darwin.tar.xz"
url_api = "https://api.github.com/repos/mitsuhiko/minijinja/releases/assets/511868818"

[tools."github:mitsuhiko/minijinja"."platforms.macos-x64"]
checksum = "sha256:283d3e54ed52ff0f97bc4e8b736fa67d5f1bc55b47457ffc8e9310a5fe555997"
url = "https://github.com/mitsuhiko/minijinja/releases/download/2.24.0/minijinja-cli-x86_64-apple-darwin.tar.xz"
url_api = "https://api.github.com/repos/mitsuhiko/minijinja/releases/assets/511868854"

[tools."github:mitsuhiko/minijinja"."platforms.windows-x64"]
checksum = "sha256:5fca9cd605ec29b80722b7c8c4b4a8cb8a713117c147d4213aa04ee6ad89af2c"
url = "https://github.com/mitsuhiko/minijinja/releases/download/2.24.0/minijinja-cli-x86_64-pc-windows-msvc.zip"
url_api = "https://api.github.com/repos/mitsuhiko/minijinja/releases/assets/511868857"

[[tools."github:perfectra1n/fjo"]]
version = "0.2.5"
backend = "github:perfectra1n/fjo"
specifiers = ["v0.2.5"]

[tools."github:perfectra1n/fjo"."platforms.linux-arm64"]
checksum = "sha256:00a8391b7ac2adfd404bbbc09e17e9402d48491fc2d7f349bdea634d9a2ad526"
url = "https://github.com/perfectra1n/fjo/releases/download/v0.2.5/fjo-v0.2.5-aarch64-unknown-linux-gnu.tar.gz"
url_api = "https://api.github.com/repos/perfectra1n/fjo/releases/assets/582285846"

[tools."github:perfectra1n/fjo"."platforms.linux-arm64-musl"]
checksum = "sha256:aeff9c90c88845ae18454c43f65ff6fd4db4df832c5d83f719833735d064f396"
url = "https://github.com/perfectra1n/fjo/releases/download/v0.2.5/fjo-v0.2.5-aarch64-unknown-linux-musl.tar.gz"
url_api = "https://api.github.com/repos/perfectra1n/fjo/releases/assets/582285843"

[tools."github:perfectra1n/fjo"."platforms.linux-x64"]
checksum = "sha256:f58f0a18c09567141983025a2d732fc801841ce0373c71bc7d0402dbb7b22c4b"
url = "https://github.com/perfectra1n/fjo/releases/download/v0.2.5/fjo-v0.2.5-x86_64-unknown-linux-gnu.tar.gz"
url_api = "https://api.github.com/repos/perfectra1n/fjo/releases/assets/582285848"

[tools."github:perfectra1n/fjo"."platforms.linux-x64-musl"]
checksum = "sha256:355b8a7d8d20b749213ef1717bb28ada1654a6f982862d8fad77ab74c34375b0"
url = "https://github.com/perfectra1n/fjo/releases/download/v0.2.5/fjo-v0.2.5-x86_64-unknown-linux-musl.tar.gz"
url_api = "https://api.github.com/repos/perfectra1n/fjo/releases/assets/582285856"

[tools."github:perfectra1n/fjo"."platforms.macos-arm64"]
checksum = "sha256:02c985c3d9d59aae4654acded387ae684b79dbb634022c2888c0040ccc1ca222"
url = "https://github.com/perfectra1n/fjo/releases/download/v0.2.5/fjo-v0.2.5-aarch64-apple-darwin.tar.gz"
url_api = "https://api.github.com/repos/perfectra1n/fjo/releases/assets/582285845"

[tools."github:perfectra1n/fjo"."platforms.macos-x64"]
checksum = "sha256:1362ab7b74ea3c4e662fcc71c427ab58cc93267f689570f1a53b9ea232d0f8cc"
url = "https://github.com/perfectra1n/fjo/releases/download/v0.2.5/fjo-v0.2.5-x86_64-apple-darwin.tar.gz"
url_api = "https://api.github.com/repos/perfectra1n/fjo/releases/assets/582285844"

[tools."github:perfectra1n/fjo"."platforms.windows-x64"]
checksum = "sha256:4f7c6ae5fd920fa61e88b60e245b7502a7690b5c637a5114b02052aaae4eada5"
url = "https://github.com/perfectra1n/fjo/releases/download/v0.2.5/fjo-v0.2.5-x86_64-pc-windows-msvc.zip"
url_api = "https://api.github.com/repos/perfectra1n/fjo/releases/assets/582285858"

[[tools.opentofu]]
version = "1.13.1"
backend = "aqua:opentofu/opentofu"
specifiers = ["1.13.1"]

[tools.opentofu."platforms.linux-arm64"]
checksum = "sha256:9c1ef375aa1852db0b2888aa921b640c71f8140d4682aa4fec99378a64fa7dc3"
url = "https://github.com/opentofu/opentofu/releases/download/v1.13.1/tofu_1.13.1_linux_arm64.tar.gz"
url_api = "https://api.github.com/repos/opentofu/opentofu/releases/assets/603708055"

[tools.opentofu."platforms.linux-arm64-musl"]
checksum = "sha256:9c1ef375aa1852db0b2888aa921b640c71f8140d4682aa4fec99378a64fa7dc3"
url = "https://github.com/opentofu/opentofu/releases/download/v1.13.1/tofu_1.13.1_linux_arm64.tar.gz"
url_api = "https://api.github.com/repos/opentofu/opentofu/releases/assets/603708055"

[tools.opentofu."platforms.linux-x64"]
checksum = "sha256:378ada19d4bc70c43732004e8159be771b23b9a5afdf059e5f8a2b3fa2c70a69"
url = "https://github.com/opentofu/opentofu/releases/download/v1.13.1/tofu_1.13.1_linux_amd64.tar.gz"
url_api = "https://api.github.com/repos/opentofu/opentofu/releases/assets/603708017"

[tools.opentofu."platforms.linux-x64-musl"]
checksum = "sha256:378ada19d4bc70c43732004e8159be771b23b9a5afdf059e5f8a2b3fa2c70a69"
url = "https://github.com/opentofu/opentofu/releases/download/v1.13.1/tofu_1.13.1_linux_amd64.tar.gz"
url_api = "https://api.github.com/repos/opentofu/opentofu/releases/assets/603708017"

[tools.opentofu."platforms.macos-arm64"]
checksum = "sha256:be78f659f04ef06a9dbd9b3934d46af95d787a3aa38396d459dea395261816a9"
url = "https://github.com/opentofu/opentofu/releases/download/v1.13.1/tofu_1.13.1_darwin_arm64.tar.gz"
url_api = "https://api.github.com/repos/opentofu/opentofu/releases/assets/603708059"

[tools.opentofu."platforms.macos-x64"]
checksum = "sha256:a73720443ba38712d7d96dc1e857add02c15a790919c653ad07492e9952f8c27"
url = "https://github.com/opentofu/opentofu/releases/download/v1.13.1/tofu_1.13.1_darwin_amd64.tar.gz"
url_api = "https://api.github.com/repos/opentofu/opentofu/releases/assets/603708142"

[tools.opentofu."platforms.windows-x64"]
checksum = "sha256:6825ae311e9a15747ce2ede7b7e97c8bb744a4d271fa8113259eeeee3d09438c"
url = "https://github.com/opentofu/opentofu/releases/download/v1.13.1/tofu_1.13.1_windows_amd64.tar.gz"
url_api = "https://api.github.com/repos/opentofu/opentofu/releases/assets/603708102"

[[tools.oxfmt]]
version = "0.71.0"
aube = { path = "locks/oxfmt/0.71.0", digest = "sha256:2b7bfb8c20b448ab9b5549e2e0a43049a897d50d995103408bbba2b0add2bcf0" }
backend = "npm:oxfmt"
specifiers = ["0.71.0"]

[[tools."pipx:ansible-core"]]
version = "2.21.4"
backend = "pipx:ansible-core"
specifiers = [
    "2.21.4",
    "latest",
]
uv = { path = "locks/pipx-ansible-core/2.21.4", digest = "sha256:aba80e9dcba7986384ea92bb8f3a8755640feb8439945e998a2c7b468a52a212" }

[[tools."pipx:ansible-lint"]]
version = "26.9.0"
backend = "pipx:ansible-lint"
specifiers = ["26.9.0"]
uv = { path = "locks/pipx-ansible-lint/26.9.0", digest = "sha256:dd2d2314321c030b4eb4afc56d93c6bbe8e27b4000d58af87c9a9ae947f85721" }

[[tools.python]]
version = "3.14.8"
backend = "core:python"
specifiers = [
    "3.14.7",
    "3.14.8",
    "latest",
]

[tools.python."platforms.linux-arm64"]
checksum = "sha256:4395ae16388f9d3409cba7e20161753ed3359b13d959345415029f874f675162"
url = "https://github.com/astral-sh/python-build-standalone/releases/download/20261001/cpython-3.14.8+20261001-aarch64-unknown-linux-gnu-install_only_stripped.tar.gz"
provenance = "github-attestations"

[tools.python."platforms.linux-arm64-musl"]
checksum = "sha256:d077f2fd670a512b7d681efb72d2d07e51b7b8ae3a7071a9fc53f4ffd3af909f"
url = "https://github.com/astral-sh/python-build-standalone/releases/download/20261001/cpython-3.14.8+20261001-aarch64-unknown-linux-musl-install_only_stripped.tar.gz"
provenance = "github-attestations"

[tools.python."platforms.linux-x64"]
checksum = "sha256:b373a4a4e4e70fc05f368c9b53d7738bf37637682b650d96c742805d2da26c32"
url = "https://github.com/astral-sh/python-build-standalone/releases/download/20261001/cpython-3.14.8+20261001-x86_64-unknown-linux-gnu-install_only_stripped.tar.gz"
provenance = "github-attestations"

[tools.python."platforms.linux-x64-musl"]
checksum = "sha256:be3be86e35b47628b67748d629342847f12767a32fd0507e0f429088c59f145d"
url = "https://github.com/astral-sh/python-build-standalone/releases/download/20261001/cpython-3.14.8+20261001-x86_64-unknown-linux-musl-install_only_stripped.tar.gz"
provenance = "github-attestations"

[tools.python."platforms.macos-arm64"]
checksum = "sha256:69e48cd7f54261df5b6abbd374f69fe6e496fa781d271592aeef49cd5ffbea6c"
url = "https://github.com/astral-sh/python-build-standalone/releases/download/20261001/cpython-3.14.8+20261001-aarch64-apple-darwin-install_only_stripped.tar.gz"
provenance = "github-attestations"

[tools.python."platforms.macos-x64"]
checksum = "sha256:d613a1cb9e31dd512298c73fd300975e689938cc39d1486250cf47918963061c"
url = "https://github.com/astral-sh/python-build-standalone/releases/download/20261001/cpython-3.14.8+20261001-x86_64-apple-darwin-install_only_stripped.tar.gz"
provenance = "github-attestations"

[tools.python."platforms.windows-x64"]
checksum = "sha256:b7ff8b700995379e425b39abce9b087d84a45aa265ea465c0069c2747ea5b2ea"
url = "https://github.com/astral-sh/python-build-standalone/releases/download/20261001/cpython-3.14.8+20261001-x86_64-pc-windows-msvc-install_only_stripped.tar.gz"
provenance = "github-attestations"

[[tools.shellcheck]]
version = "0.11.0"
backend = "aqua:koalaman/shellcheck"
specifiers = [
    "0.11.0",
    "latest",
]

[tools.shellcheck."platforms.linux-arm64"]
checksum = "sha256:12b331c1d2db6b9eb13cfca64306b1b157a86eb69db83023e261eaa7e7c14588"
url = "https://github.com/koalaman/shellcheck/releases/download/v0.11.0/shellcheck-v0.11.0.linux.aarch64.tar.xz"
url_api = "https://api.github.com/repos/koalaman/shellcheck/releases/assets/279056934"

[tools.shellcheck."platforms.linux-arm64-musl"]
checksum = "sha256:12b331c1d2db6b9eb13cfca64306b1b157a86eb69db83023e261eaa7e7c14588"
url = "https://github.com/koalaman/shellcheck/releases/download/v0.11.0/shellcheck-v0.11.0.linux.aarch64.tar.xz"
url_api = "https://api.github.com/repos/koalaman/shellcheck/releases/assets/279056934"

[tools.shellcheck."platforms.linux-x64"]
checksum = "sha256:8c3be12b05d5c177a04c29e3c78ce89ac86f1595681cab149b65b97c4e227198"
url = "https://github.com/koalaman/shellcheck/releases/download/v0.11.0/shellcheck-v0.11.0.linux.x86_64.tar.xz"
url_api = "https://api.github.com/repos/koalaman/shellcheck/releases/assets/279056942"

[tools.shellcheck."platforms.linux-x64-musl"]
checksum = "sha256:8c3be12b05d5c177a04c29e3c78ce89ac86f1595681cab149b65b97c4e227198"
url = "https://github.com/koalaman/shellcheck/releases/download/v0.11.0/shellcheck-v0.11.0.linux.x86_64.tar.xz"
url_api = "https://api.github.com/repos/koalaman/shellcheck/releases/assets/279056942"

[tools.shellcheck."platforms.macos-arm64"]
checksum = "sha256:56affdd8de5527894dca6dc3d7e0a99a873b0f004d7aabc30ae407d3f48b0a79"
url = "https://github.com/koalaman/shellcheck/releases/download/v0.11.0/shellcheck-v0.11.0.darwin.aarch64.tar.xz"
url_api = "https://api.github.com/repos/koalaman/shellcheck/releases/assets/279056932"

[tools.shellcheck."platforms.macos-x64"]
checksum = "sha256:3c89db4edcab7cf1c27bff178882e0f6f27f7afdf54e859fa041fca10febe4c6"
url = "https://github.com/koalaman/shellcheck/releases/download/v0.11.0/shellcheck-v0.11.0.darwin.x86_64.tar.xz"
url_api = "https://api.github.com/repos/koalaman/shellcheck/releases/assets/279056930"

[tools.shellcheck."platforms.windows-x64"]
checksum = "sha256:8a4e35ab0b331c85d73567b12f2a444df187f483e5079ceffa6bda1faa2e740e"
url = "https://github.com/koalaman/shellcheck/releases/download/v0.11.0/shellcheck-v0.11.0.zip"
url_api = "https://api.github.com/repos/koalaman/shellcheck/releases/assets/279056944"

[[tools.talos]]
version = "1.14.2"
backend = "aqua:siderolabs/talos"
specifiers = ["1.14.2"]

[tools.talos."platforms.linux-arm64"]
checksum = "sha256:5b7119f9cc68c1e6dcd394564208a9ae417c5cc9e8e2585fa173082e53f5e6d7"
url = "https://github.com/siderolabs/talos/releases/download/v1.14.2/talosctl-linux-arm64"
url_api = "https://api.github.com/repos/siderolabs/talos/releases/assets/599059725"
provenance = "cosign"

[tools.talos."platforms.linux-arm64-musl"]
checksum = "sha256:5b7119f9cc68c1e6dcd394564208a9ae417c5cc9e8e2585fa173082e53f5e6d7"
url = "https://github.com/siderolabs/talos/releases/download/v1.14.2/talosctl-linux-arm64"
url_api = "https://api.github.com/repos/siderolabs/talos/releases/assets/599059725"
provenance = "cosign"

[tools.talos."platforms.linux-x64"]
checksum = "sha256:c6c9552b0e5f767352c595fa1c0af4f186f697488646872955057d23990a66c4"
url = "https://github.com/siderolabs/talos/releases/download/v1.14.2/talosctl-linux-amd64"
url_api = "https://api.github.com/repos/siderolabs/talos/releases/assets/599059721"
provenance = "cosign"

[tools.talos."platforms.linux-x64-musl"]
checksum = "sha256:c6c9552b0e5f767352c595fa1c0af4f186f697488646872955057d23990a66c4"
url = "https://github.com/siderolabs/talos/releases/download/v1.14.2/talosctl-linux-amd64"
url_api = "https://api.github.com/repos/siderolabs/talos/releases/assets/599059721"
provenance = "cosign"

[tools.talos."platforms.macos-arm64"]
checksum = "sha256:4b509e96912278f2af58dc0005be5252124bcba4b87a7f877674160bbf000b6f"
url = "https://github.com/siderolabs/talos/releases/download/v1.14.2/talosctl-darwin-arm64"
url_api = "https://api.github.com/repos/siderolabs/talos/releases/assets/599059741"
provenance = "cosign"

[tools.talos."platforms.macos-x64"]
checksum = "sha256:250525ff19b32ebf25e90d8943d88870f40f39618007fcba70b524efa5549a0c"
url = "https://github.com/siderolabs/talos/releases/download/v1.14.2/talosctl-darwin-amd64"
url_api = "https://api.github.com/repos/siderolabs/talos/releases/assets/599059728"
provenance = "cosign"

[tools.talos."platforms.windows-x64"]
checksum = "sha256:0f0b6fc765f78a78161f01c70f044c73e70536b772fd0ea023918849e9744998"
url = "https://github.com/siderolabs/talos/releases/download/v1.14.2/talosctl-windows-amd64.exe"
url_api = "https://api.github.com/repos/siderolabs/talos/releases/assets/599059709"
provenance = "cosign"

[[tools.uv]]
version = "0.12.23"
backend = "aqua:astral-sh/uv"
specifiers = ["0.12.23"]

[tools.uv."platforms.linux-arm64"]
checksum = "sha256:6524bd338177ed50d035d39354e12545e993bbeba2ecbddf0480c5b3a81d313f"
url = "https://github.com/astral-sh/uv/releases/download/0.12.23/uv-aarch64-unknown-linux-gnu.tar.gz"
url_api = "https://api.github.com/repos/astral-sh/uv/releases/assets/608232491"
provenance = "github-attestations"

[tools.uv."platforms.linux-arm64-musl"]
checksum = "sha256:b536543cc4d50661986b165c76ee8aa9056e4fa332edcd153ff2e98760f9359b"
url = "https://github.com/astral-sh/uv/releases/download/0.12.23/uv-aarch64-unknown-linux-musl.tar.gz"
url_api = "https://api.github.com/repos/astral-sh/uv/releases/assets/608232500"
provenance = "github-attestations"

[tools.uv."platforms.linux-x64"]
checksum = "sha256:9167d72b3319674b6303c4cbe071854bba13ebdf3d76b1a7cbdc175471fb66d6"
url = "https://github.com/astral-sh/uv/releases/download/0.12.23/uv-x86_64-unknown-linux-gnu.tar.gz"
url_api = "https://api.github.com/repos/astral-sh/uv/releases/assets/608232628"
provenance = "github-attestations"

[tools.uv."platforms.linux-x64-musl"]
checksum = "sha256:1cff8783850e794470aadb73f54b749542a511fc57b0ce6468b64bd3852e0ade"
url = "https://github.com/astral-sh/uv/releases/download/0.12.23/uv-x86_64-unknown-linux-musl.tar.gz"
url_api = "https://api.github.com/repos/astral-sh/uv/releases/assets/608232639"
provenance = "github-attestations"

[tools.uv."platforms.macos-arm64"]
checksum = "sha256:50487ae565ccd96e499056b4674d438f4c53170202617b4c759defe0c6a1b544"
url = "https://github.com/astral-sh/uv/releases/download/0.12.23/uv-aarch64-apple-darwin.tar.gz"
url_api = "https://api.github.com/repos/astral-sh/uv/releases/assets/608232483"
provenance = "github-attestations"

[tools.uv."platforms.macos-x64"]
checksum = "sha256:960da44cb4b73685206ddd250b19e0a117fa41095710c1038f081f5cb613efb4"
url = "https://github.com/astral-sh/uv/releases/download/0.12.23/uv-x86_64-apple-darwin.tar.gz"
url_api = "https://api.github.com/repos/astral-sh/uv/releases/assets/608232607"
provenance = "github-attestations"

[tools.uv."platforms.windows-x64"]
checksum = "sha256:75d05de6762778c31ee183398de7dd15093fad0ed90b1f236d8205ea5ec00c90"
url = "https://github.com/astral-sh/uv/releases/download/0.12.23/uv-x86_64-pc-windows-msvc.zip"
url_api = "https://api.github.com/repos/astral-sh/uv/releases/assets/608232617"
provenance = "github-attestations"

[[tools.zizmor]]
version = "1.30.1"
backend = "aqua:zizmorcore/zizmor"
specifiers = [
    "1.30.1",
    "latest",
]

[tools.zizmor."platforms.linux-arm64"]
checksum = "sha256:7ff1dce33bdd18fd2a4affe63bdd47efcccca97b2cec1c1863ec26e9e2647540"
url = "https://github.com/zizmorcore/zizmor/releases/download/v1.30.1/zizmor-aarch64-unknown-linux-gnu.tar.gz"
url_api = "https://api.github.com/repos/zizmorcore/zizmor/releases/assets/552067643"
provenance = "github-attestations"

[tools.zizmor."platforms.linux-arm64-musl"]
checksum = "sha256:7ff1dce33bdd18fd2a4affe63bdd47efcccca97b2cec1c1863ec26e9e2647540"
url = "https://github.com/zizmorcore/zizmor/releases/download/v1.30.1/zizmor-aarch64-unknown-linux-gnu.tar.gz"
url_api = "https://api.github.com/repos/zizmorcore/zizmor/releases/assets/552067643"
provenance = "github-attestations"

[tools.zizmor."platforms.linux-x64"]
checksum = "sha256:e65324f4430c2717591937edcec90ccbefaf14c174f8ec9415e03ca875b46e1a"
url = "https://github.com/zizmorcore/zizmor/releases/download/v1.30.1/zizmor-x86_64-unknown-linux-gnu.tar.gz"
url_api = "https://api.github.com/repos/zizmorcore/zizmor/releases/assets/552067642"
provenance = "github-attestations"

[tools.zizmor."platforms.linux-x64-musl"]
checksum = "sha256:e65324f4430c2717591937edcec90ccbefaf14c174f8ec9415e03ca875b46e1a"
url = "https://github.com/zizmorcore/zizmor/releases/download/v1.30.1/zizmor-x86_64-unknown-linux-gnu.tar.gz"
url_api = "https://api.github.com/repos/zizmorcore/zizmor/releases/assets/552067642"
provenance = "github-attestations"

[tools.zizmor."platforms.macos-arm64"]
checksum = "sha256:e28d22b087f9ebb8d99da6e740d348c930f559961c7c3f12badda54f882195a2"
url = "https://github.com/zizmorcore/zizmor/releases/download/v1.30.1/zizmor-aarch64-apple-darwin.tar.gz"
url_api = "https://api.github.com/repos/zizmorcore/zizmor/releases/assets/552067640"
provenance = "github-attestations"

[tools.zizmor."platforms.macos-x64"]
checksum = "sha256:10e6b18b11ea07e515a16f0f0518c7b07527bc9977c1fd5698181ce7f3554202"
url = "https://github.com/zizmorcore/zizmor/releases/download/v1.30.1/zizmor-x86_64-apple-darwin.tar.gz"
url_api = "https://api.github.com/repos/zizmorcore/zizmor/releases/assets/552067641"
provenance = "github-attestations"

[tools.zizmor."platforms.windows-x64"]
checksum = "sha256:b183b1e996eddfab9659f1e9b46e059f1ef1cf984a1f14e5da09f7876a4b3a1c"
url = "https://github.com/zizmorcore/zizmor/releases/download/v1.30.1/zizmor-x86_64-pc-windows-msvc.zip"
url_api = "https://api.github.com/repos/zizmorcore/zizmor/releases/assets/552067645"
provenance = "github-attestations"
