# @generated - this file is auto-generated by `mise lock` https://mise.en.dev/dev-tools/mise-lock.html

[[tools."github:controlplaneio-fluxcd/flux-operator"]]
version = "0.59.0"
backend = "github:controlplaneio-fluxcd/flux-operator"

[tools."github:controlplaneio-fluxcd/flux-operator"."platforms.linux-arm64"]
checksum = "sha256:a3f7d671da4ff4c405d9bc45ce5f95252544f9aeec3654550321001727a3777a"
url = "https://github.com/controlplaneio-fluxcd/flux-operator/releases/download/v0.59.0/flux-operator_0.59.0_linux_arm64.tar.gz"
url_api = "https://api.github.com/repos/controlplaneio-fluxcd/flux-operator/releases/assets/538365209"
provenance = "github-attestations"

[tools."github:controlplaneio-fluxcd/flux-operator"."platforms.linux-arm64-musl"]
checksum = "sha256:a3f7d671da4ff4c405d9bc45ce5f95252544f9aeec3654550321001727a3777a"
url = "https://github.com/controlplaneio-fluxcd/flux-operator/releases/download/v0.59.0/flux-operator_0.59.0_linux_arm64.tar.gz"
url_api = "https://api.github.com/repos/controlplaneio-fluxcd/flux-operator/releases/assets/538365209"
provenance = "github-attestations"

[tools."github:controlplaneio-fluxcd/flux-operator"."platforms.linux-x64"]
checksum = "sha256:c04c840d9c9854db6bd870d092c311a03aefbe68e4a032f8e076d0ae371e95a1"
url = "https://github.com/controlplaneio-fluxcd/flux-operator/releases/download/v0.59.0/flux-operator_0.59.0_linux_amd64.tar.gz"
url_api = "https://api.github.com/repos/controlplaneio-fluxcd/flux-operator/releases/assets/538365206"
provenance = "github-attestations"
provenance_verified = true

[tools."github:controlplaneio-fluxcd/flux-operator"."platforms.linux-x64-musl"]
checksum = "sha256:c04c840d9c9854db6bd870d092c311a03aefbe68e4a032f8e076d0ae371e95a1"
url = "https://github.com/controlplaneio-fluxcd/flux-operator/releases/download/v0.59.0/flux-operator_0.59.0_linux_amd64.tar.gz"
url_api = "https://api.github.com/repos/controlplaneio-fluxcd/flux-operator/releases/assets/538365206"
provenance = "github-attestations"

[tools."github:controlplaneio-fluxcd/flux-operator"."platforms.macos-arm64"]
checksum = "sha256:c62901bd6bcbba7b899649febee73dbe42de17d7341c7c18d575c49e42388ecf"
url = "https://github.com/controlplaneio-fluxcd/flux-operator/releases/download/v0.59.0/flux-operator_0.59.0_darwin_arm64.tar.gz"
url_api = "https://api.github.com/repos/controlplaneio-fluxcd/flux-operator/releases/assets/538365207"
provenance = "github-attestations"

[tools."github:controlplaneio-fluxcd/flux-operator"."platforms.macos-x64"]
checksum = "sha256:8a8789cbde90353d894096ef55d47a6efb7f473ffdc5956bdda65aa05825c8ff"
url = "https://github.com/controlplaneio-fluxcd/flux-operator/releases/download/v0.59.0/flux-operator_0.59.0_darwin_amd64.tar.gz"
url_api = "https://api.github.com/repos/controlplaneio-fluxcd/flux-operator/releases/assets/538365208"
provenance = "github-attestations"

[tools."github:controlplaneio-fluxcd/flux-operator"."platforms.windows-x64"]
checksum = "sha256:ca28f8670734c2d12189924c17c3da26308604039cdfd62cec4dfe38b080491d"
url = "https://github.com/controlplaneio-fluxcd/flux-operator/releases/download/v0.59.0/flux-operator_0.59.0_windows_amd64.zip"
url_api = "https://api.github.com/repos/controlplaneio-fluxcd/flux-operator/releases/assets/538365252"
provenance = "github-attestations"

[[tools."github:home-operations/flate"]]
version = "0.6.2"
backend = "github:home-operations/flate"

[tools."github:home-operations/flate"."platforms.linux-arm64"]
checksum = "sha256:eb55ff9e718327aedbed82bd57eb8694b4dd7dcdf7573b68344bc1b981f7a5d9"
url = "https://github.com/home-operations/flate/releases/download/v0.6.2/flate_0.6.2_linux_arm64.tar.gz"
url_api = "https://api.github.com/repos/home-operations/flate/releases/assets/538096275"

[tools."github:home-operations/flate"."platforms.linux-arm64-musl"]
checksum = "sha256:eb55ff9e718327aedbed82bd57eb8694b4dd7dcdf7573b68344bc1b981f7a5d9"
url = "https://github.com/home-operations/flate/releases/download/v0.6.2/flate_0.6.2_linux_arm64.tar.gz"
url_api = "https://api.github.com/repos/home-operations/flate/releases/assets/538096275"

[tools."github:home-operations/flate"."platforms.linux-x64"]
checksum = "sha256:26475a469ec781c1a4ef4fba715c162c9e480549802cd6639e155cfe0e39f04a"
url = "https://github.com/home-operations/flate/releases/download/v0.6.2/flate_0.6.2_linux_amd64.tar.gz"
url_api = "https://api.github.com/repos/home-operations/flate/releases/assets/538096274"

[tools."github:home-operations/flate"."platforms.linux-x64-musl"]
checksum = "sha256:26475a469ec781c1a4ef4fba715c162c9e480549802cd6639e155cfe0e39f04a"
url = "https://github.com/home-operations/flate/releases/download/v0.6.2/flate_0.6.2_linux_amd64.tar.gz"
url_api = "https://api.github.com/repos/home-operations/flate/releases/assets/538096274"

[tools."github:home-operations/flate"."platforms.macos-arm64"]
checksum = "sha256:21c883ccf9adcf0a6bbb143ad07dcaa1bd96dd230df486f72b7810126467f9b9"
url = "https://github.com/home-operations/flate/releases/download/v0.6.2/flate_0.6.2_darwin_arm64.tar.gz"
url_api = "https://api.github.com/repos/home-operations/flate/releases/assets/538096272"

[tools."github:home-operations/flate"."platforms.macos-x64"]
checksum = "sha256:f5bae9a9fcc0c8aaad11c4e2c07856f92d68d45f23a2d098dd0b3912517eb693"
url = "https://github.com/home-operations/flate/releases/download/v0.6.2/flate_0.6.2_darwin_amd64.tar.gz"
url_api = "https://api.github.com/repos/home-operations/flate/releases/assets/538096273"

[tools."github:home-operations/flate"."platforms.windows-x64"]
checksum = "sha256:cbb924aaacb670418a4f61d12292be71c20ccbedfff0ba9897d297bf622f6319"
url = "https://github.com/home-operations/flate/releases/download/v0.6.2/flate_0.6.2_windows_amd64.zip"
url_api = "https://api.github.com/repos/home-operations/flate/releases/assets/538096298"

[[tools."github:home-operations/kopiur"]]
version = "0.10.5"
backend = "github:home-operations/kopiur"

[tools."github:home-operations/kopiur"."platforms.linux-arm64"]
checksum = "sha256:da90f536123cbfea7123d67b2e00ac88420dd42ec1ea254ebf2c6881154ab5ed"
url = "https://github.com/home-operations/kopiur/releases/download/0.10.5/kubectl-kopiur_0.10.5_linux_arm64.tar.gz"
url_api = "https://api.github.com/repos/home-operations/kopiur/releases/assets/534263264"

[tools."github:home-operations/kopiur"."platforms.linux-arm64-musl"]
checksum = "sha256:da90f536123cbfea7123d67b2e00ac88420dd42ec1ea254ebf2c6881154ab5ed"
url = "https://github.com/home-operations/kopiur/releases/download/0.10.5/kubectl-kopiur_0.10.5_linux_arm64.tar.gz"
url_api = "https://api.github.com/repos/home-operations/kopiur/releases/assets/534263264"

[tools."github:home-operations/kopiur"."platforms.linux-x64"]
checksum = "sha256:cf2dd86aa02b384dcf4d41bf8af999e168cbe016325ff220fa91201f04e7edec"
url = "https://github.com/home-operations/kopiur/releases/download/0.10.5/kubectl-kopiur_0.10.5_linux_amd64.tar.gz"
url_api = "https://api.github.com/repos/home-operations/kopiur/releases/assets/534263268"

[tools."github:home-operations/kopiur"."platforms.linux-x64-musl"]
checksum = "sha256:cf2dd86aa02b384dcf4d41bf8af999e168cbe016325ff220fa91201f04e7edec"
url = "https://github.com/home-operations/kopiur/releases/download/0.10.5/kubectl-kopiur_0.10.5_linux_amd64.tar.gz"
url_api = "https://api.github.com/repos/home-operations/kopiur/releases/assets/534263268"

[tools."github:home-operations/kopiur"."platforms.macos-arm64"]
checksum = "sha256:b696a7b88733bef1d0d3903d5a986f4d9e9589302793dc4280986a7867427a0c"
url = "https://github.com/home-operations/kopiur/releases/download/0.10.5/kubectl-kopiur_0.10.5_darwin_arm64.tar.gz"
url_api = "https://api.github.com/repos/home-operations/kopiur/releases/assets/534263265"

[tools."github:home-operations/kopiur"."platforms.macos-x64"]
checksum = "sha256:6785718308e1bc30025a6671a43d5731da3c03d09f27777dbed2dd2be082c1ac"
url = "https://github.com/home-operations/kopiur/releases/download/0.10.5/kubectl-kopiur_0.10.5_darwin_amd64.tar.gz"
url_api = "https://api.github.com/repos/home-operations/kopiur/releases/assets/534263266"

[[tools."github:home-operations/yayamlls"]]
version = "0.3.0"
backend = "github:home-operations/yayamlls"

[tools."github:home-operations/yayamlls"."platforms.linux-arm64"]
checksum = "sha256:dbcc8b7a67bdedf462c7eda76adffe9d58ffe96429c74fed59146aa34039d8bc"
url = "https://github.com/home-operations/yayamlls/releases/download/0.3.0/yayamlls_0.3.0_linux_arm64.tar.gz"
url_api = "https://api.github.com/repos/home-operations/yayamlls/releases/assets/537946196"

[tools."github:home-operations/yayamlls"."platforms.linux-arm64-musl"]
checksum = "sha256:dbcc8b7a67bdedf462c7eda76adffe9d58ffe96429c74fed59146aa34039d8bc"
url = "https://github.com/home-operations/yayamlls/releases/download/0.3.0/yayamlls_0.3.0_linux_arm64.tar.gz"
url_api = "https://api.github.com/repos/home-operations/yayamlls/releases/assets/537946196"

[tools."github:home-operations/yayamlls"."platforms.linux-x64"]
checksum = "sha256:036c00ed7b903e2b27950873568147dc7a96b2c36eaef11f5928516900d6a753"
url = "https://github.com/home-operations/yayamlls/releases/download/0.3.0/yayamlls_0.3.0_linux_amd64.tar.gz"
url_api = "https://api.github.com/repos/home-operations/yayamlls/releases/assets/537946194"

[tools."github:home-operations/yayamlls"."platforms.linux-x64-musl"]
checksum = "sha256:036c00ed7b903e2b27950873568147dc7a96b2c36eaef11f5928516900d6a753"
url = "https://github.com/home-operations/yayamlls/releases/download/0.3.0/yayamlls_0.3.0_linux_amd64.tar.gz"
url_api = "https://api.github.com/repos/home-operations/yayamlls/releases/assets/537946194"

[tools."github:home-operations/yayamlls"."platforms.macos-arm64"]
checksum = "sha256:4e32db68d1b0f998856330cc15ee7ff54814a430ba605eb5577f65cab4197664"
url = "https://github.com/home-operations/yayamlls/releases/download/0.3.0/yayamlls_0.3.0_darwin_arm64.tar.gz"
url_api = "https://api.github.com/repos/home-operations/yayamlls/releases/assets/537946195"

[tools."github:home-operations/yayamlls"."platforms.macos-x64"]
checksum = "sha256:83e53b01b4f534bb1c45d627bd63620411b0d2d12a2a8cbd899fc9b3f40e2bf3"
url = "https://github.com/home-operations/yayamlls/releases/download/0.3.0/yayamlls_0.3.0_darwin_amd64.tar.gz"
url_api = "https://api.github.com/repos/home-operations/yayamlls/releases/assets/537946193"

[tools."github:home-operations/yayamlls"."platforms.windows-x64"]
checksum = "sha256:b07d4cb8d36759aec2d33bfc86dab7af2941d80c52b48e38caeec87544799a00"
url = "https://github.com/home-operations/yayamlls/releases/download/0.3.0/yayamlls_0.3.0_windows_amd64.zip"
url_api = "https://api.github.com/repos/home-operations/yayamlls/releases/assets/537946215"

[[tools."github:mitsuhiko/minijinja"]]
version = "2.24.0"
backend = "github:mitsuhiko/minijinja"

[tools."github:mitsuhiko/minijinja"."platforms.linux-arm64"]
checksum = "sha256:b60f741e4101c0701a22a1115b2295fd8e4ae13cdffc0ebf4d1821d876e93347"
url = "https://github.com/mitsuhiko/minijinja/releases/download/2.24.0/minijinja-cli-aarch64-unknown-linux-gnu.tar.xz"
url_api = "https://api.github.com/repos/mitsuhiko/minijinja/releases/assets/511868827"

[tools."github:mitsuhiko/minijinja"."platforms.linux-arm64-musl"]
checksum = "sha256:5fd4d0ca9a37973564a9ba3d4444466dbca46c4737840b772ba64729cac4277b"
url = "https://github.com/mitsuhiko/minijinja/releases/download/2.24.0/minijinja-cli-aarch64-unknown-linux-musl.tar.xz"
url_api = "https://api.github.com/repos/mitsuhiko/minijinja/releases/assets/511868829"

[tools."github:mitsuhiko/minijinja"."platforms.linux-x64"]
checksum = "sha256:04651ea786eee8e6d5311caf96e01874d984ff72f3d3d91c2195851f0b414580"
url = "https://github.com/mitsuhiko/minijinja/releases/download/2.24.0/minijinja-cli-x86_64-unknown-linux-gnu.tar.xz"
url_api = "https://api.github.com/repos/mitsuhiko/minijinja/releases/assets/511868860"

[tools."github:mitsuhiko/minijinja"."platforms.linux-x64-musl"]
checksum = "sha256:40a7b36eb04075d54f0e079cbf632d2fcf9cc32721539f6b799341632d16f50e"
url = "https://github.com/mitsuhiko/minijinja/releases/download/2.24.0/minijinja-cli-x86_64-unknown-linux-musl.tar.xz"
url_api = "https://api.github.com/repos/mitsuhiko/minijinja/releases/assets/511868866"

[tools."github:mitsuhiko/minijinja"."platforms.macos-arm64"]
checksum = "sha256:a0f1525bcac485a80313cec7e835ed03335bd55bc14dc5cf070c7eb9789d9905"
url = "https://github.com/mitsuhiko/minijinja/releases/download/2.24.0/minijinja-cli-aarch64-apple-darwin.tar.xz"
url_api = "https://api.github.com/repos/mitsuhiko/minijinja/releases/assets/511868818"

[tools."github:mitsuhiko/minijinja"."platforms.macos-x64"]
checksum = "sha256:283d3e54ed52ff0f97bc4e8b736fa67d5f1bc55b47457ffc8e9310a5fe555997"
url = "https://github.com/mitsuhiko/minijinja/releases/download/2.24.0/minijinja-cli-x86_64-apple-darwin.tar.xz"
url_api = "https://api.github.com/repos/mitsuhiko/minijinja/releases/assets/511868854"

[tools."github:mitsuhiko/minijinja"."platforms.windows-x64"]
checksum = "sha256:5fca9cd605ec29b80722b7c8c4b4a8cb8a713117c147d4213aa04ee6ad89af2c"
url = "https://github.com/mitsuhiko/minijinja/releases/download/2.24.0/minijinja-cli-x86_64-pc-windows-msvc.zip"
url_api = "https://api.github.com/repos/mitsuhiko/minijinja/releases/assets/511868857"

[[tools.opentofu]]
version = "1.12.6"
backend = "aqua:opentofu/opentofu"

[tools.opentofu."platforms.linux-arm64"]
checksum = "sha256:9bd0228a81bcd0c88f7045c74378f45a815779f19897191dff7d9efba9976b9e"
url = "https://github.com/opentofu/opentofu/releases/download/v1.12.6/tofu_1.12.6_linux_arm64.tar.gz"
url_api = "https://api.github.com/repos/opentofu/opentofu/releases/assets/520762688"

[tools.opentofu."platforms.linux-arm64-musl"]
checksum = "sha256:9bd0228a81bcd0c88f7045c74378f45a815779f19897191dff7d9efba9976b9e"
url = "https://github.com/opentofu/opentofu/releases/download/v1.12.6/tofu_1.12.6_linux_arm64.tar.gz"
url_api = "https://api.github.com/repos/opentofu/opentofu/releases/assets/520762688"

[tools.opentofu."platforms.linux-x64"]
checksum = "sha256:50a6106fa4de523d09c87af85f3db1dd47535fc005727fdca6852146476b88ec"
url = "https://github.com/opentofu/opentofu/releases/download/v1.12.6/tofu_1.12.6_linux_amd64.tar.gz"
url_api = "https://api.github.com/repos/opentofu/opentofu/releases/assets/520762723"

[tools.opentofu."platforms.linux-x64-musl"]
checksum = "sha256:50a6106fa4de523d09c87af85f3db1dd47535fc005727fdca6852146476b88ec"
url = "https://github.com/opentofu/opentofu/releases/download/v1.12.6/tofu_1.12.6_linux_amd64.tar.gz"
url_api = "https://api.github.com/repos/opentofu/opentofu/releases/assets/520762723"

[tools.opentofu."platforms.macos-arm64"]
checksum = "sha256:f958ec5e511063be9feb180ca015a4cb7977566a9cf6a8550bba8c2a9b5aba74"
url = "https://github.com/opentofu/opentofu/releases/download/v1.12.6/tofu_1.12.6_darwin_arm64.tar.gz"
url_api = "https://api.github.com/repos/opentofu/opentofu/releases/assets/520762710"

[tools.opentofu."platforms.macos-x64"]
checksum = "sha256:44bb1855f372f17f365fb94517906e78da5001da10f4c98de57a39bf982f3a92"
url = "https://github.com/opentofu/opentofu/releases/download/v1.12.6/tofu_1.12.6_darwin_amd64.tar.gz"
url_api = "https://api.github.com/repos/opentofu/opentofu/releases/assets/520762655"

[tools.opentofu."platforms.windows-x64"]
checksum = "sha256:bcbcd9ca744af6c4053e2d5e75dae79ff33ad7dc38d45e1233e693d096284538"
url = "https://github.com/opentofu/opentofu/releases/download/v1.12.6/tofu_1.12.6_windows_amd64.tar.gz"
url_api = "https://api.github.com/repos/opentofu/opentofu/releases/assets/520762708"

[[tools.oxfmt]]
version = "0.65.0"
backend = "npm:oxfmt"

[[tools."pipx:ansible-core"]]
version = "2.21.3"
backend = "pipx:ansible-core"

[[tools."pipx:ansible-lint"]]
version = "26.8.0"
backend = "pipx:ansible-lint"

[[tools.python]]
version = "3.14.7"
backend = "core:python"

[tools.python."platforms.linux-arm64"]
checksum = "sha256:7f0b801b0ba2c74531cd2e66ee898569cdf1f323a24383576f2a6761001e01f1"
url = "https://github.com/astral-sh/python-build-standalone/releases/download/20260825/cpython-3.14.7+20260825-aarch64-unknown-linux-gnu-install_only_stripped.tar.gz"
provenance = "github-attestations"

[tools.python."platforms.linux-arm64-musl"]
checksum = "sha256:8f58d8a42e8c6af84d43ba1c9e74e56ce2354b66ec44721b289f5a6c57811fc2"
url = "https://github.com/astral-sh/python-build-standalone/releases/download/20260825/cpython-3.14.7+20260825-aarch64-unknown-linux-musl-install_only_stripped.tar.gz"
provenance = "github-attestations"

[tools.python."platforms.linux-x64"]
checksum = "sha256:a0f39e822fd3b96a2605f30f954acf9a2cdf91faa1385a13e24bc407a41e05ea"
url = "https://github.com/astral-sh/python-build-standalone/releases/download/20260825/cpython-3.14.7+20260825-x86_64-unknown-linux-gnu-install_only_stripped.tar.gz"
provenance = "github-attestations"

[tools.python."platforms.linux-x64-musl"]
checksum = "sha256:22374158b61f9415135614fb7ebdba498a84849921bb5ad025809e925d8bb428"
url = "https://github.com/astral-sh/python-build-standalone/releases/download/20260825/cpython-3.14.7+20260825-x86_64-unknown-linux-musl-install_only_stripped.tar.gz"
provenance = "github-attestations"

[tools.python."platforms.macos-arm64"]
checksum = "sha256:17ecb3d29c49765856370cbb47d948a24ec518be40f607362c1bbb3ebbc5c442"
url = "https://github.com/astral-sh/python-build-standalone/releases/download/20260825/cpython-3.14.7+20260825-aarch64-apple-darwin-install_only_stripped.tar.gz"
provenance = "github-attestations"

[tools.python."platforms.macos-x64"]
checksum = "sha256:1b1e977f6d4fb887c7fa662a8e33f18dfdc9b9cdfaf5cdb003f13b3317947848"
url = "https://github.com/astral-sh/python-build-standalone/releases/download/20260825/cpython-3.14.7+20260825-x86_64-apple-darwin-install_only_stripped.tar.gz"
provenance = "github-attestations"

[tools.python."platforms.windows-x64"]
checksum = "sha256:dec3faa3445d9efc4979e6c74a839be0d1039877367db32ee9c5f6bc91fae3c8"
url = "https://github.com/astral-sh/python-build-standalone/releases/download/20260825/cpython-3.14.7+20260825-x86_64-pc-windows-msvc-install_only_stripped.tar.gz"
provenance = "github-attestations"

[[tools.shellcheck]]
version = "0.11.0"
backend = "aqua:koalaman/shellcheck"

[tools.shellcheck."platforms.linux-arm64"]
checksum = "sha256:12b331c1d2db6b9eb13cfca64306b1b157a86eb69db83023e261eaa7e7c14588"
url = "https://github.com/koalaman/shellcheck/releases/download/v0.11.0/shellcheck-v0.11.0.linux.aarch64.tar.xz"
url_api = "https://api.github.com/repos/koalaman/shellcheck/releases/assets/279056934"

[tools.shellcheck."platforms.linux-arm64-musl"]
checksum = "sha256:12b331c1d2db6b9eb13cfca64306b1b157a86eb69db83023e261eaa7e7c14588"
url = "https://github.com/koalaman/shellcheck/releases/download/v0.11.0/shellcheck-v0.11.0.linux.aarch64.tar.xz"
url_api = "https://api.github.com/repos/koalaman/shellcheck/releases/assets/279056934"

[tools.shellcheck."platforms.linux-x64"]
checksum = "sha256:8c3be12b05d5c177a04c29e3c78ce89ac86f1595681cab149b65b97c4e227198"
url = "https://github.com/koalaman/shellcheck/releases/download/v0.11.0/shellcheck-v0.11.0.linux.x86_64.tar.xz"
url_api = "https://api.github.com/repos/koalaman/shellcheck/releases/assets/279056942"

[tools.shellcheck."platforms.linux-x64-musl"]
checksum = "sha256:8c3be12b05d5c177a04c29e3c78ce89ac86f1595681cab149b65b97c4e227198"
url = "https://github.com/koalaman/shellcheck/releases/download/v0.11.0/shellcheck-v0.11.0.linux.x86_64.tar.xz"
url_api = "https://api.github.com/repos/koalaman/shellcheck/releases/assets/279056942"

[tools.shellcheck."platforms.macos-arm64"]
checksum = "sha256:56affdd8de5527894dca6dc3d7e0a99a873b0f004d7aabc30ae407d3f48b0a79"
url = "https://github.com/koalaman/shellcheck/releases/download/v0.11.0/shellcheck-v0.11.0.darwin.aarch64.tar.xz"
url_api = "https://api.github.com/repos/koalaman/shellcheck/releases/assets/279056932"

[tools.shellcheck."platforms.macos-x64"]
checksum = "sha256:3c89db4edcab7cf1c27bff178882e0f6f27f7afdf54e859fa041fca10febe4c6"
url = "https://github.com/koalaman/shellcheck/releases/download/v0.11.0/shellcheck-v0.11.0.darwin.x86_64.tar.xz"
url_api = "https://api.github.com/repos/koalaman/shellcheck/releases/assets/279056930"

[tools.shellcheck."platforms.windows-x64"]
checksum = "sha256:8a4e35ab0b331c85d73567b12f2a444df187f483e5079ceffa6bda1faa2e740e"
url = "https://github.com/koalaman/shellcheck/releases/download/v0.11.0/shellcheck-v0.11.0.zip"
url_api = "https://api.github.com/repos/koalaman/shellcheck/releases/assets/279056944"

[[tools.talos]]
version = "1.14.0-rc.2"
backend = "aqua:siderolabs/talos"

[tools.talos."platforms.linux-arm64"]
checksum = "sha256:3a4c987e451ea651425dc4773dfef13aaeb5f06629780affd57d5d364224bae2"
url = "https://github.com/siderolabs/talos/releases/download/v1.14.0-rc.2/talosctl-linux-arm64"
url_api = "https://api.github.com/repos/siderolabs/talos/releases/assets/528864663"
provenance = "cosign"

[tools.talos."platforms.linux-arm64-musl"]
checksum = "sha256:3a4c987e451ea651425dc4773dfef13aaeb5f06629780affd57d5d364224bae2"
url = "https://github.com/siderolabs/talos/releases/download/v1.14.0-rc.2/talosctl-linux-arm64"
url_api = "https://api.github.com/repos/siderolabs/talos/releases/assets/528864663"
provenance = "cosign"

[tools.talos."platforms.linux-x64"]
checksum = "sha256:ca70202fbb852775f70ffcb885e2866472b9a7e08865a23fd2cb9bc379bd7a88"
url = "https://github.com/siderolabs/talos/releases/download/v1.14.0-rc.2/talosctl-linux-amd64"
url_api = "https://api.github.com/repos/siderolabs/talos/releases/assets/528864640"
provenance = "cosign"

[tools.talos."platforms.linux-x64-musl"]
checksum = "sha256:ca70202fbb852775f70ffcb885e2866472b9a7e08865a23fd2cb9bc379bd7a88"
url = "https://github.com/siderolabs/talos/releases/download/v1.14.0-rc.2/talosctl-linux-amd64"
url_api = "https://api.github.com/repos/siderolabs/talos/releases/assets/528864640"
provenance = "cosign"

[tools.talos."platforms.macos-arm64"]
checksum = "sha256:f6c9cc4c00270c64812944301ef6a166951d5b9633b0ca0c2976a631bfca8d32"
url = "https://github.com/siderolabs/talos/releases/download/v1.14.0-rc.2/talosctl-darwin-arm64"
url_api = "https://api.github.com/repos/siderolabs/talos/releases/assets/528864619"
provenance = "cosign"

[tools.talos."platforms.macos-x64"]
checksum = "sha256:f529148e8f845781d4bbe845d57f86d852513a816b44b393c87cf4568d232212"
url = "https://github.com/siderolabs/talos/releases/download/v1.14.0-rc.2/talosctl-darwin-amd64"
url_api = "https://api.github.com/repos/siderolabs/talos/releases/assets/528864653"
provenance = "cosign"

[tools.talos."platforms.windows-x64"]
checksum = "sha256:dc62b86ab38fd62a9544d38a920a270f74e8c1abe79ec45f892aa94e7386bf0a"
url = "https://github.com/siderolabs/talos/releases/download/v1.14.0-rc.2/talosctl-windows-amd64.exe"
url_api = "https://api.github.com/repos/siderolabs/talos/releases/assets/528864631"
provenance = "cosign"

[[tools.uv]]
version = "0.12.8"
backend = "aqua:astral-sh/uv"

[tools.uv."platforms.linux-arm64"]
checksum = "sha256:ba8661f4fd207c8e94814191598e619b355ac10d5014e851e21eb800f9ef2b00"
url = "https://github.com/astral-sh/uv/releases/download/0.12.8/uv-aarch64-unknown-linux-gnu.tar.gz"
url_api = "https://api.github.com/repos/astral-sh/uv/releases/assets/538591961"
provenance = "github-attestations"

[tools.uv."platforms.linux-arm64-musl"]
checksum = "sha256:975917badc8370163989e5bbe5a7c69bf922d19f8e57cb2652531bbffc935f84"
url = "https://github.com/astral-sh/uv/releases/download/0.12.8/uv-aarch64-unknown-linux-musl.tar.gz"
url_api = "https://api.github.com/repos/astral-sh/uv/releases/assets/538591964"
provenance = "github-attestations"

[tools.uv."platforms.linux-x64"]
checksum = "sha256:2e2b37e9811e17675a9e70bed5e1a58fc8c0388be63d751d72cc735188c149ff"
url = "https://github.com/astral-sh/uv/releases/download/0.12.8/uv-x86_64-unknown-linux-gnu.tar.gz"
url_api = "https://api.github.com/repos/astral-sh/uv/releases/assets/538592029"
provenance = "github-attestations"

[tools.uv."platforms.linux-x64-musl"]
checksum = "sha256:6ca4597639c97e921fb915e113061ce8e4a14ead9e42a1ead521dbb0a6763795"
url = "https://github.com/astral-sh/uv/releases/download/0.12.8/uv-x86_64-unknown-linux-musl.tar.gz"
url_api = "https://api.github.com/repos/astral-sh/uv/releases/assets/538592032"
provenance = "github-attestations"

[tools.uv."platforms.macos-arm64"]
checksum = "sha256:8ce083658dbff20143607ca7af8e0c1d64b6fd7bf03a5cdcb62bf3d47d991b5f"
url = "https://github.com/astral-sh/uv/releases/download/0.12.8/uv-aarch64-apple-darwin.tar.gz"
url_api = "https://api.github.com/repos/astral-sh/uv/releases/assets/538591946"
provenance = "github-attestations"

[tools.uv."platforms.macos-x64"]
checksum = "sha256:bfcd4407de99e0a2c1904df0902fa1795653d4edd145358e6561527e746a4f16"
url = "https://github.com/astral-sh/uv/releases/download/0.12.8/uv-x86_64-apple-darwin.tar.gz"
url_api = "https://api.github.com/repos/astral-sh/uv/releases/assets/538592016"
provenance = "github-attestations"

[tools.uv."platforms.windows-x64"]
checksum = "sha256:e07acf3f8a29fe41f9e04b799c3325cb0e0893836bb222bf102829b45c679ad6"
url = "https://github.com/astral-sh/uv/releases/download/0.12.8/uv-x86_64-pc-windows-msvc.zip"
url_api = "https://api.github.com/repos/astral-sh/uv/releases/assets/538592024"
provenance = "github-attestations"

[[tools.zizmor]]
version = "1.30.0"
backend = "aqua:zizmorcore/zizmor"

[tools.zizmor."platforms.linux-arm64"]
checksum = "sha256:018a024d6b6d09733b07f6ef42838d984c23ec04bc9b2acd55f7d67826aeafe5"
url = "https://github.com/zizmorcore/zizmor/releases/download/v1.30.0/zizmor-aarch64-unknown-linux-gnu.tar.gz"
url_api = "https://api.github.com/repos/zizmorcore/zizmor/releases/assets/537081734"
provenance = "github-attestations"

[tools.zizmor."platforms.linux-arm64-musl"]
provenance = "github-attestations"

[tools.zizmor."platforms.linux-x64"]
checksum = "sha256:ec8c95cd800845abb9bbc5f377ec7c57d2eb8e2386a00a201d3a74ee4092e5ed"
url = "https://github.com/zizmorcore/zizmor/releases/download/v1.30.0/zizmor-x86_64-unknown-linux-gnu.tar.gz"
url_api = "https://api.github.com/repos/zizmorcore/zizmor/releases/assets/537081732"
provenance = "github-attestations"

[tools.zizmor."platforms.linux-x64-musl"]
provenance = "github-attestations"

[tools.zizmor."platforms.macos-arm64"]
checksum = "sha256:c9c5d83730efb86f2cd71b487605c00a4d63903e4f9458485ed5eac3b1924ab1"
url = "https://github.com/zizmorcore/zizmor/releases/download/v1.30.0/zizmor-aarch64-apple-darwin.tar.gz"
url_api = "https://api.github.com/repos/zizmorcore/zizmor/releases/assets/537081737"
provenance = "github-attestations"

[tools.zizmor."platforms.macos-x64"]
checksum = "sha256:343c85c8f709edf14bf3c8781d53574975ecbb2d23c80ed1eab4932ab0a72343"
url = "https://github.com/zizmorcore/zizmor/releases/download/v1.30.0/zizmor-x86_64-apple-darwin.tar.gz"
url_api = "https://api.github.com/repos/zizmorcore/zizmor/releases/assets/537081736"
provenance = "github-attestations"

[tools.zizmor."platforms.windows-x64"]
checksum = "sha256:a2fcf298b84d3d8498a3d718bb63f0abe26823bf68a11f0f439620f8f2f878f0"
url = "https://github.com/zizmorcore/zizmor/releases/download/v1.30.0/zizmor-x86_64-pc-windows-msvc.zip"
url_api = "https://api.github.com/repos/zizmorcore/zizmor/releases/assets/537081735"
provenance = "github-attestations"
